// !$*UTF8*$!
{
	archiveVersion = 1;
	classes = {
	};
	objectVersion = 50;
	objects = {

/* Begin PBXBuildFile section */
		0102E9A02161FA7500460577 /* ContentViewController.swift in Sources */ = {isa = PBXBuildFile; fileRef = 0102E99F2161FA7500460577 /* ContentViewController.swift */; };
		0102E9A62162085A00460577 /* Identifiers.swift in Sources */ = {isa = PBXBuildFile; fileRef = 0102E9A52162085A00460577 /* Identifiers.swift */; };
		0102E9A82162274B00460577 /* SidebarOutlineView.swift in Sources */ = {isa = PBXBuildFile; fileRef = 0102E9A72162274B00460577 /* SidebarOutlineView.swift */; };
		0102E9B12162502500460577 /* Preferences.swift in Sources */ = {isa = PBXBuildFile; fileRef = 0102E9B02162502500460577 /* Preferences.swift */; };
		01174CB421762A1000A0C01C /* FileWatcher.swift in Sources */ = {isa = PBXBuildFile; fileRef = 01174CB321762A1000A0C01C /* FileWatcher.swift */; };
		0122FE4A236F050D00BFFC50 /* Cartfile in Resources */ = {isa = PBXBuildFile; fileRef = 0122FE49236F050D00BFFC50 /* Cartfile */; };
		013017E7216C89840074144B /* ImageItemCell.xib in Resources */ = {isa = PBXBuildFile; fileRef = 013017E5216C89840074144B /* ImageItemCell.xib */; };
		013017E8216C89840074144B /* ImageItemCell.swift in Sources */ = {isa = PBXBuildFile; fileRef = 013017E6216C89840074144B /* ImageItemCell.swift */; };
		013017EF216CE6A90074144B /* CollectionView.framework in Frameworks */ = {isa = PBXBuildFile; fileRef = 013017ED216CE6A90074144B /* CollectionView.framework */; };
		013017F2216CE6B10074144B /* CollectionView.framework in Embed Frameworks */ = {isa = PBXBuildFile; fileRef = 013017ED216CE6A90074144B /* CollectionView.framework */; settings = {ATTRIBUTES = (CodeSignOnCopy, RemoveHeadersOnCopy, ); }; };
		013017F3216CE6BB0074144B /* CollectionView.framework.dSYM in CopyFiles */ = {isa = PBXBuildFile; fileRef = 013017EE216CE6A90074144B /* CollectionView.framework.dSYM */; };
		013B5AB02170E9690042F26D /* Cache.framework.dSYM in CopyFiles */ = {isa = PBXBuildFile; fileRef = 013B5AAC2170E9630042F26D /* Cache.framework.dSYM */; };
		013B5AB22170E9710042F26D /* Cache.framework in Embed Frameworks */ = {isa = PBXBuildFile; fileRef = 013B5AAD2170E9630042F26D /* Cache.framework */; settings = {ATTRIBUTES = (CodeSignOnCopy, RemoveHeadersOnCopy, ); }; };
		013B5AB421717E2A0042F26D /* ImageCache.swift in Sources */ = {isa = PBXBuildFile; fileRef = 013B5AB321717E2A0042F26D /* ImageCache.swift */; };
		013B5AB8217205E70042F26D /* SidebarAddButton.swift in Sources */ = {isa = PBXBuildFile; fileRef = 013B5AB7217205E70042F26D /* SidebarAddButton.swift */; };
		01473005216099D500F658A6 /* SidebarViewController.swift in Sources */ = {isa = PBXBuildFile; fileRef = 01473004216099D500F658A6 /* SidebarViewController.swift */; };
		0147300721609F8600F658A6 /* FileNode.swift in Sources */ = {isa = PBXBuildFile; fileRef = 0147300621609F8600F658A6 /* FileNode.swift */; };
		014730092160A3B800F658A6 /* MainWindowController.swift in Sources */ = {isa = PBXBuildFile; fileRef = 014730082160A3B800F658A6 /* MainWindowController.swift */; };
		01612E5021B7FA59003B43AC /* SafeSubscript.swift in Sources */ = {isa = PBXBuildFile; fileRef = 01612E4F21B7FA59003B43AC /* SafeSubscript.swift */; };
		0169097C21BB6AD8008CDF0E /* Log.swift in Sources */ = {isa = PBXBuildFile; fileRef = 0169097B21BB6AD8008CDF0E /* Log.swift */; };
		0169097E21CF4429008CDF0E /* SideBarImageView.swift in Sources */ = {isa = PBXBuildFile; fileRef = 0169097D21CF4429008CDF0E /* SideBarImageView.swift */; };
		016A3C9A216058D1005515E0 /* AppDelegate.swift in Sources */ = {isa = PBXBuildFile; fileRef = 016A3C99216058D1005515E0 /* AppDelegate.swift */; };
		016A3C9E216058D2005515E0 /* Assets.xcassets in Resources */ = {isa = PBXBuildFile; fileRef = 016A3C9D216058D2005515E0 /* Assets.xcassets */; };
		016A3CA1216058D2005515E0 /* Main.storyboard in Resources */ = {isa = PBXBuildFile; fileRef = 016A3C9F216058D2005515E0 /* Main.storyboard */; };
		016B05D724080A84003C4765 /* MainMenu.swift in Sources */ = {isa = PBXBuildFile; fileRef = 016B05D624080A84003C4765 /* MainMenu.swift */; };
/* End PBXBuildFile section */

/* Begin PBXCopyFilesBuildPhase section */
		013017E0216C79AE0074144B /* Embed Frameworks */ = {
			isa = PBXCopyFilesBuildPhase;
			buildActionMask = 2147483647;
			dstPath = "";
			dstSubfolderSpec = 10;
			files = (
				013017F2216CE6B10074144B /* CollectionView.framework in Embed Frameworks */,
				013B5AB22170E9710042F26D /* Cache.framework in Embed Frameworks */,
			);
			name = "Embed Frameworks";
			runOnlyForDeploymentPostprocessing = 0;
		};
		014730172160EC9100F658A6 /* CopyFiles */ = {
			isa = PBXCopyFilesBuildPhase;
			buildActionMask = 2147483647;
			dstPath = "";
			dstSubfolderSpec = 16;
			files = (
				013B5AB02170E9690042F26D /* Cache.framework.dSYM in CopyFiles */,
				013017F3216CE6BB0074144B /* CollectionView.framework.dSYM in CopyFiles */,
			);
			runOnlyForDeploymentPostprocessing = 0;
		};
/* End PBXCopyFilesBuildPhase section */

/* Begin PBXFileReference section */
		0102E99F2161FA7500460577 /* ContentViewController.swift */ = {isa = PBXFileReference; lastKnownFileType = sourcecode.swift; path = ContentViewController.swift; sourceTree = "<group>"; };
		0102E9A52162085A00460577 /* Identifiers.swift */ = {isa = PBXFileReference; lastKnownFileType = sourcecode.swift; path = Identifiers.swift; sourceTree = "<group>"; };
		0102E9A72162274B00460577 /* SidebarOutlineView.swift */ = {isa = PBXFileReference; lastKnownFileType = sourcecode.swift; path = SidebarOutlineView.swift; sourceTree = "<group>"; };
		0102E9B02162502500460577 /* Preferences.swift */ = {isa = PBXFileReference; lastKnownFileType = sourcecode.swift; name = Preferences.swift; path = Views/Preferences.swift; sourceTree = "<group>"; };
		01162B4821644EED00A9B087 /* Art Book-Bridging-Header.h */ = {isa = PBXFileReference; lastKnownFileType = sourcecode.c.h; path = "Art Book-Bridging-Header.h"; sourceTree = "<group>"; };
		01174CB321762A1000A0C01C /* FileWatcher.swift */ = {isa = PBXFileReference; lastKnownFileType = sourcecode.swift; path = FileWatcher.swift; sourceTree = "<group>"; };
		0122FE49236F050D00BFFC50 /* Cartfile */ = {isa = PBXFileReference; fileEncoding = 4; lastKnownFileType = text; path = Cartfile; sourceTree = SOURCE_ROOT; };
		013017E5216C89840074144B /* ImageItemCell.xib */ = {isa = PBXFileReference; fileEncoding = 4; lastKnownFileType = file.xib; path = ImageItemCell.xib; sourceTree = "<group>"; };
		013017E6216C89840074144B /* ImageItemCell.swift */ = {isa = PBXFileReference; fileEncoding = 4; lastKnownFileType = sourcecode.swift; path = ImageItemCell.swift; sourceTree = "<group>"; };
		013017ED216CE6A90074144B /* CollectionView.framework */ = {isa = PBXFileReference; lastKnownFileType = wrapper.framework; name = CollectionView.framework; path = Carthage/Build/Mac/CollectionView.framework; sourceTree = SOURCE_ROOT; };
		013017EE216CE6A90074144B /* CollectionView.framework.dSYM */ = {isa = PBXFileReference; lastKnownFileType = wrapper.dsym; name = CollectionView.framework.dSYM; path = Carthage/Build/Mac/CollectionView.framework.dSYM; sourceTree = SOURCE_ROOT; };
		013B5AAC2170E9630042F26D /* Cache.framework.dSYM */ = {isa = PBXFileReference; lastKnownFileType = wrapper.dsym; name = Cache.framework.dSYM; path = Carthage/Build/Mac/Cache.framework.dSYM; sourceTree = SOURCE_ROOT; };
		013B5AAD2170E9630042F26D /* Cache.framework */ = {isa = PBXFileReference; lastKnownFileType = wrapper.framework; name = Cache.framework; path = Carthage/Build/Mac/Cache.framework; sourceTree = SOURCE_ROOT; };
		013B5AB321717E2A0042F26D /* ImageCache.swift */ = {isa = PBXFileReference; lastKnownFileType = sourcecode.swift; path = ImageCache.swift; sourceTree = "<group>"; };
		013B5AB7217205E70042F26D /* SidebarAddButton.swift */ = {isa = PBXFileReference; lastKnownFileType = sourcecode.swift; path = SidebarAddButton.swift; sourceTree = "<group>"; };
		01473004216099D500F658A6 /* SidebarViewController.swift */ = {isa = PBXFileReference; lastKnownFileType = sourcecode.swift; path = SidebarViewController.swift; sourceTree = "<group>"; };
		0147300621609F8600F658A6 /* FileNode.swift */ = {isa = PBXFileReference; lastKnownFileType = sourcecode.swift; path = FileNode.swift; sourceTree = "<group>"; };
		014730082160A3B800F658A6 /* MainWindowController.swift */ = {isa = PBXFileReference; lastKnownFileType = sourcecode.swift; path = MainWindowController.swift; sourceTree = "<group>"; };
		01612E4F21B7FA59003B43AC /* SafeSubscript.swift */ = {isa = PBXFileReference; lastKnownFileType = sourcecode.swift; path = SafeSubscript.swift; sourceTree = "<group>"; };
		0169097B21BB6AD8008CDF0E /* Log.swift */ = {isa = PBXFileReference; fileEncoding = 4; lastKnownFileType = sourcecode.swift; path = Log.swift; sourceTree = "<group>"; };
		0169097D21CF4429008CDF0E /* SideBarImageView.swift */ = {isa = PBXFileReference; lastKnownFileType = sourcecode.swift; path = SideBarImageView.swift; sourceTree = "<group>"; };
		016A3C96216058D1005515E0 /* Art Book.app */ = {isa = PBXFileReference; explicitFileType = wrapper.application; includeInIndex = 0; path = "Art Book.app"; sourceTree = BUILT_PRODUCTS_DIR; };
		016A3C99216058D1005515E0 /* AppDelegate.swift */ = {isa = PBXFileReference; lastKnownFileType = sourcecode.swift; path = AppDelegate.swift; sourceTree = "<group>"; };
		016A3C9D216058D2005515E0 /* Assets.xcassets */ = {isa = PBXFileReference; lastKnownFileType = folder.assetcatalog; path = Assets.xcassets; sourceTree = "<group>"; };
		016A3CA0216058D2005515E0 /* Base */ = {isa = PBXFileReference; lastKnownFileType = file.storyboard; name = Base; path = Base.lproj/Main.storyboard; sourceTree = "<group>"; };
		016A3CA2216058D2005515E0 /* Info.plist */ = {isa = PBXFileReference; lastKnownFileType = text.plist.xml; path = Info.plist; sourceTree = "<group>"; };
		016B05D624080A84003C4765 /* MainMenu.swift */ = {isa = PBXFileReference; lastKnownFileType = sourcecode.swift; path = MainMenu.swift; sourceTree = "<group>"; };
/* End PBXFileReference section */

/* Begin PBXFrameworksBuildPhase section */
		016A3C93216058D1005515E0 /* Frameworks */ = {
			isa = PBXFrameworksBuildPhase;
			buildActionMask = 2147483647;
			files = (
				013017EF216CE6A90074144B /* CollectionView.framework in Frameworks */,
			);
			runOnlyForDeploymentPostprocessing = 0;
		};
/* End PBXFrameworksBuildPhase section */

/* Begin PBXGroup section */
		0102E9A12161FAE200460577 /* Content */ = {
			isa = PBXGroup;
			children = (
				0102E99F2161FA7500460577 /* ContentViewController.swift */,
				013017E6216C89840074144B /* ImageItemCell.swift */,
				013017E5216C89840074144B /* ImageItemCell.xib */,
				013B5AB321717E2A0042F26D /* ImageCache.swift */,
			);
			path = Content;
			sourceTree = "<group>";
		};
		0102E9A22161FAF000460577 /* Sidebar */ = {
			isa = PBXGroup;
			children = (
				01473004216099D500F658A6 /* SidebarViewController.swift */,
				0102E9A72162274B00460577 /* SidebarOutlineView.swift */,
				013B5AB7217205E70042F26D /* SidebarAddButton.swift */,
				0169097D21CF4429008CDF0E /* SideBarImageView.swift */,
				0147300621609F8600F658A6 /* FileNode.swift */,
			);
			path = Sidebar;
			sourceTree = "<group>";
		};
		011333362165B79900DE7604 /* Frameworks */ = {
			isa = PBXGroup;
			children = (
				013B5AAD2170E9630042F26D /* Cache.framework */,
				013B5AAC2170E9630042F26D /* Cache.framework.dSYM */,
				013017ED216CE6A90074144B /* CollectionView.framework */,
				013017EE216CE6A90074144B /* CollectionView.framework.dSYM */,
			);
			path = Frameworks;
			sourceTree = "<group>";
		};
		01473003216099B700F658A6 /* Views */ = {
			isa = PBXGroup;
			children = (
				016A3C9F216058D2005515E0 /* Main.storyboard */,
				014730082160A3B800F658A6 /* MainWindowController.swift */,
				016B05D624080A84003C4765 /* MainMenu.swift */,
				0102E9A52162085A00460577 /* Identifiers.swift */,
				0102E9A22161FAF000460577 /* Sidebar */,
				0102E9A12161FAE200460577 /* Content */,
			);
			path = Views;
			sourceTree = "<group>";
		};
		016A3C8D216058D1005515E0 = {
			isa = PBXGroup;
			children = (
				016A3C98216058D1005515E0 /* Art Book */,
				016A3C97216058D1005515E0 /* Products */,
				011333362165B79900DE7604 /* Frameworks */,
			);
			sourceTree = "<group>";
		};
		016A3C97216058D1005515E0 /* Products */ = {
			isa = PBXGroup;
			children = (
				016A3C96216058D1005515E0 /* Art Book.app */,
			);
			name = Products;
			sourceTree = "<group>";
		};
		016A3C98216058D1005515E0 /* Art Book */ = {
			isa = PBXGroup;
			children = (
				016A3CA2216058D2005515E0 /* Info.plist */,
				016A3C9D216058D2005515E0 /* Assets.xcassets */,
				0122FE49236F050D00BFFC50 /* Cartfile */,
				016A3C99216058D1005515E0 /* AppDelegate.swift */,
				0102E9B02162502500460577 /* Preferences.swift */,
				01174CB321762A1000A0C01C /* FileWatcher.swift */,
				01612E4F21B7FA59003B43AC /* SafeSubscript.swift */,
				0169097B21BB6AD8008CDF0E /* Log.swift */,
				01473003216099B700F658A6 /* Views */,
				01162B4821644EED00A9B087 /* Art Book-Bridging-Header.h */,
			);
			path = "Art Book";
			sourceTree = "<group>";
		};
/* End PBXGroup section */

/* Begin PBXNativeTarget section */
		016A3C95216058D1005515E0 /* Art Book */ = {
			isa = PBXNativeTarget;
			buildConfigurationList = 016A3CA6216058D2005515E0 /* Build configuration list for PBXNativeTarget "Art Book" */;
			buildPhases = (
				016A3C92216058D1005515E0 /* Sources */,
				016A3C93216058D1005515E0 /* Frameworks */,
				016A3C94216058D1005515E0 /* Resources */,
				014730172160EC9100F658A6 /* CopyFiles */,
				014730162160EC7D00F658A6 /* Run Script */,
				013017E0216C79AE0074144B /* Embed Frameworks */,
			);
			buildRules = (
			);
			dependencies = (
			);
			name = "Art Book";
			productName = "Art Book";
			productReference = 016A3C96216058D1005515E0 /* Art Book.app */;
			productType = "com.apple.product-type.application";
		};
/* End PBXNativeTarget section */

/* Begin PBXProject section */
		016A3C8E216058D1005515E0 /* Project object */ = {
			isa = PBXProject;
			attributes = {
				LastSwiftUpdateCheck = 1000;
				LastUpgradeCheck = 1240;
				ORGANIZATIONNAME = xjbeta;
				TargetAttributes = {
					016A3C95216058D1005515E0 = {
						CreatedOnToolsVersion = 10.0;
						LastSwiftMigration = 1020;
						SystemCapabilities = {
							com.apple.Sandbox = {
								enabled = 0;
							};
						};
					};
				};
			};
			buildConfigurationList = 016A3C91216058D1005515E0 /* Build configuration list for PBXProject "Art Book" */;
			compatibilityVersion = "Xcode 9.3";
			developmentRegion = en;
			hasScannedForEncodings = 0;
			knownRegions = (
				en,
				Base,
			);
			mainGroup = 016A3C8D216058D1005515E0;
			productRefGroup = 016A3C97216058D1005515E0 /* Products */;
			projectDirPath = "";
			projectRoot = "";
			targets = (
				016A3C95216058D1005515E0 /* Art Book */,
			);
		};
/* End PBXProject section */

/* Begin PBXResourcesBuildPhase section */
		016A3C94216058D1005515E0 /* Resources */ = {
			isa = PBXResourcesBuildPhase;
			buildActionMask = 2147483647;
			files = (
				016A3C9E216058D2005515E0 /* Assets.xcassets in Resources */,
				016A3CA1216058D2005515E0 /* Main.storyboard in Resources */,
				0122FE4A236F050D00BFFC50 /* Cartfile in Resources */,
				013017E7216C89840074144B /* ImageItemCell.xib in Resources */,
			);
			runOnlyForDeploymentPostprocessing = 0;
		};
/* End PBXResourcesBuildPhase section */

/* Begin PBXShellScriptBuildPhase section */
		014730162160EC7D00F658A6 /* Run Script */ = {
			isa = PBXShellScriptBuildPhase;
			buildActionMask = 2147483647;
			files = (
			);
			inputFileListPaths = (
			);
			inputPaths = (
			);
			name = "Run Script";
			outputFileListPaths = (
			);
			outputPaths = (
			);
			runOnlyForDeploymentPostprocessing = 0;
			shellPath = /bin/sh;
			shellScript = "#!/bin/bash\nBUILD_NUMBER=`git rev-list --all --count`\n/usr/libexec/PlistBuddy -c \"Set :CFBundleVersion $BUILD_NUMBER\" \"${TARGET_BUILD_DIR}\"/\"${INFOPLIST_PATH}\"\n";
		};
/* End PBXShellScriptBuildPhase section */

/* Begin PBXSourcesBuildPhase section */
		016A3C92216058D1005515E0 /* Sources */ = {
			isa = PBXSourcesBuildPhase;
			buildActionMask = 2147483647;
			files = (
				01612E5021B7FA59003B43AC /* SafeSubscript.swift in Sources */,
				013B5AB421717E2A0042F26D /* ImageCache.swift in Sources */,
				0169097C21BB6AD8008CDF0E /* Log.swift in Sources */,
				016B05D724080A84003C4765 /* MainMenu.swift in Sources */,
				0102E9A82162274B00460577 /* SidebarOutlineView.swift in Sources */,
				0102E9A02161FA7500460577 /* ContentViewController.swift in Sources */,
				016A3C9A216058D1005515E0 /* AppDelegate.swift in Sources */,
				013B5AB8217205E70042F26D /* SidebarAddButton.swift in Sources */,
				01473005216099D500F658A6 /* SidebarViewController.swift in Sources */,
				01174CB421762A1000A0C01C /* FileWatcher.swift in Sources */,
				0169097E21CF4429008CDF0E /* SideBarImageView.swift in Sources */,
				0102E9A62162085A00460577 /* Identifiers.swift in Sources */,
				0147300721609F8600F658A6 /* FileNode.swift in Sources */,
				014730092160A3B800F658A6 /* MainWindowController.swift in Sources */,
				0102E9B12162502500460577 /* Preferences.swift in Sources */,
				013017E8216C89840074144B /* ImageItemCell.swift in Sources */,
			);
			runOnlyForDeploymentPostprocessing = 0;
		};
/* End PBXSourcesBuildPhase section */

/* Begin PBXVariantGroup section */
		016A3C9F216058D2005515E0 /* Main.storyboard */ = {
			isa = PBXVariantGroup;
			children = (
				016A3CA0216058D2005515E0 /* Base */,
			);
			name = Main.storyboard;
			sourceTree = "<group>";
		};
/* End PBXVariantGroup section */

/* Begin XCBuildConfiguration section */
		016A3CA4216058D2005515E0 /* Debug */ = {
			isa = XCBuildConfiguration;
			buildSettings = {
				ALWAYS_SEARCH_USER_PATHS = NO;
				CLANG_ANALYZER_NONNULL = YES;
				CLANG_ANALYZER_NUMBER_OBJECT_CONVERSION = YES_AGGRESSIVE;
				CLANG_CXX_LANGUAGE_STANDARD = "gnu++14";
				CLANG_CXX_LIBRARY = "libc++";
				CLANG_ENABLE_MODULES = YES;
				CLANG_ENABLE_OBJC_ARC = YES;
				CLANG_ENABLE_OBJC_WEAK = YES;
				CLANG_WARN_BLOCK_CAPTURE_AUTORELEASING = YES;
				CLANG_WARN_BOOL_CONVERSION = YES;
				CLANG_WARN_COMMA = YES;
				CLANG_WARN_CONSTANT_CONVERSION = YES;
				CLANG_WARN_DEPRECATED_OBJC_IMPLEMENTATIONS = YES;
				CLANG_WARN_DIRECT_OBJC_ISA_USAGE = YES_ERROR;
				CLANG_WARN_DOCUMENTATION_COMMENTS = YES;
				CLANG_WARN_EMPTY_BODY = YES;
				CLANG_WARN_ENUM_CONVERSION = YES;
				CLANG_WARN_INFINITE_RECURSION = YES;
				CLANG_WARN_INT_CONVERSION = YES;
				CLANG_WARN_NON_LITERAL_NULL_CONVERSION = YES;
				CLANG_WARN_OBJC_IMPLICIT_RETAIN_SELF = YES;
				CLANG_WARN_OBJC_LITERAL_CONVERSION = YES;
				CLANG_WARN_OBJC_ROOT_CLASS = YES_ERROR;
				CLANG_WARN_QUOTED_INCLUDE_IN_FRAMEWORK_HEADER = YES;
				CLANG_WARN_RANGE_LOOP_ANALYSIS = YES;
				CLANG_WARN_STRICT_PROTOTYPES = YES;
				CLANG_WARN_SUSPICIOUS_MOVE = YES;
				CLANG_WARN_UNGUARDED_AVAILABILITY = YES_AGGRESSIVE;
				CLANG_WARN_UNREACHABLE_CODE = YES;
				CLANG_WARN__DUPLICATE_METHOD_MATCH = YES;
				CODE_SIGN_IDENTITY = "";
				COPY_PHASE_STRIP = NO;
				DEBUG_INFORMATION_FORMAT = dwarf;
				ENABLE_STRICT_OBJC_MSGSEND = YES;
				ENABLE_TESTABILITY = YES;
				GCC_C_LANGUAGE_STANDARD = gnu11;
				GCC_DYNAMIC_NO_PIC = NO;
				GCC_NO_COMMON_BLOCKS = YES;
				GCC_OPTIMIZATION_LEVEL = 0;
				GCC_PREPROCESSOR_DEFINITIONS = (
					"DEBUG=1",
					"$(inherited)",
				);
				GCC_WARN_64_TO_32_BIT_CONVERSION = YES;
				GCC_WARN_ABOUT_RETURN_TYPE = YES_ERROR;
				GCC_WARN_UNDECLARED_SELECTOR = YES;
				GCC_WARN_UNINITIALIZED_AUTOS = YES_AGGRESSIVE;
				GCC_WARN_UNUSED_FUNCTION = YES;
				GCC_WARN_UNUSED_VARIABLE = YES;
				MACOSX_DEPLOYMENT_TARGET = 10.14;
				MTL_ENABLE_DEBUG_INFO = INCLUDE_SOURCE;
				MTL_FAST_MATH = YES;
				ONLY_ACTIVE_ARCH = YES;
				SDKROOT = macosx;
				SWIFT_ACTIVE_COMPILATION_CONDITIONS = DEBUG;
				SWIFT_OPTIMIZATION_LEVEL = "-Onone";
			};
			name = Debug;
		};
		016A3CA5216058D2005515E0 /* Release */ = {
			isa = XCBuildConfiguration;
			buildSettings = {
				ALWAYS_SEARCH_USER_PATHS = NO;
				CLANG_ANALYZER_NONNULL = YES;
				CLANG_ANALYZER_NUMBER_OBJECT_CONVERSION = YES_AGGRESSIVE;
				CLANG_CXX_LANGUAGE_STANDARD = "gnu++14";
				CLANG_CXX_LIBRARY = "libc++";
				CLANG_ENABLE_MODULES = YES;
				CLANG_ENABLE_OBJC_ARC = YES;
				CLANG_ENABLE_OBJC_WEAK = YES;
				CLANG_WARN_BLOCK_CAPTURE_AUTORELEASING = YES;
				CLANG_WARN_BOOL_CONVERSION = YES;
				CLANG_WARN_COMMA = YES;
				CLANG_WARN_CONSTANT_CONVERSION = YES;
				CLANG_WARN_DEPRECATED_OBJC_IMPLEMENTATIONS = YES;
				CLANG_WARN_DIRECT_OBJC_ISA_USAGE = YES_ERROR;
				CLANG_WARN_DOCUMENTATION_COMMENTS = YES;
				CLANG_WARN_EMPTY_BODY = YES;
				CLANG_WARN_ENUM_CONVERSION = YES;
				CLANG_WARN_INFINITE_RECURSION = YES;
				CLANG_WARN_INT_CONVERSION = YES;
				CLANG_WARN_NON_LITERAL_NULL_CONVERSION = YES;
				CLANG_WARN_OBJC_IMPLICIT_RETAIN_SELF = YES;
				CLANG_WARN_OBJC_LITERAL_CONVERSION = YES;
				CLANG_WARN_OBJC_ROOT_CLASS = YES_ERROR;
				CLANG_WARN_QUOTED_INCLUDE_IN_FRAMEWORK_HEADER = YES;
				CLANG_WARN_RANGE_LOOP_ANALYSIS = YES;
				CLANG_WARN_STRICT_PROTOTYPES = YES;
				CLANG_WARN_SUSPICIOUS_MOVE = YES;
				CLANG_WARN_UNGUARDED_AVAILABILITY = YES_AGGRESSIVE;
				CLANG_WARN_UNREACHABLE_CODE = YES;
				CLANG_WARN__DUPLICATE_METHOD_MATCH = YES;
				CODE_SIGN_IDENTITY = "";
				COPY_PHASE_STRIP = NO;
				DEBUG_INFORMATION_FORMAT = "dwarf-with-dsym";
				ENABLE_NS_ASSERTIONS = NO;
				ENABLE_STRICT_OBJC_MSGSEND = YES;
				GCC_C_LANGUAGE_STANDARD = gnu11;
				GCC_NO_COMMON_BLOCKS = YES;
				GCC_WARN_64_TO_32_BIT_CONVERSION = YES;
				GCC_WARN_ABOUT_RETURN_TYPE = YES_ERROR;
				GCC_WARN_UNDECLARED_SELECTOR = YES;
				GCC_WARN_UNINITIALIZED_AUTOS = YES_AGGRESSIVE;
				GCC_WARN_UNUSED_FUNCTION = YES;
				GCC_WARN_UNUSED_VARIABLE = YES;
				MACOSX_DEPLOYMENT_TARGET = 10.14;
				MTL_ENABLE_DEBUG_INFO = NO;
				MTL_FAST_MATH = YES;
				SDKROOT = macosx;
				SWIFT_COMPILATION_MODE = wholemodule;
				SWIFT_OPTIMIZATION_LEVEL = "-O";
			};
			name = Release;
		};
		016A3CA7216058D2005515E0 /* Debug */ = {
			isa = XCBuildConfiguration;
			buildSettings = {
				ASSETCATALOG_COMPILER_APPICON_NAME = AppIcon;
				CLANG_ENABLE_MODULES = YES;
				CODE_SIGN_IDENTITY = "-";
				COMBINE_HIDPI_IMAGES = YES;
				DEVELOPMENT_TEAM = "";
				FRAMEWORK_SEARCH_PATHS = (
					"$(inherited)",
					"$(PROJECT_DIR)/Carthage/Build/Mac",
					"$(PROJECT_DIR)/Frameworks",
				);
				INFOPLIST_FILE = "Art Book/Info.plist";
				LD_RUNPATH_SEARCH_PATHS = (
					"$(inherited)",
					"@executable_path/../Frameworks",
				);
				MACOSX_DEPLOYMENT_TARGET = 10.12;
				MARKETING_VERSION = 0.0.3;
				PRODUCT_BUNDLE_IDENTIFIER = "com.xjbeta.Art-Book";
				PRODUCT_NAME = "$(TARGET_NAME)";
				PROVISIONING_PROFILE_SPECIFIER = "";
				SWIFT_OBJC_BRIDGING_HEADER = "Art Book/Art Book-Bridging-Header.h";
				SWIFT_OPTIMIZATION_LEVEL = "-Onone";
				SWIFT_VERSION = 5.0;
			};
			name = Debug;
		};
		016A3CA8216058D2005515E0 /* Release */ = {
			isa = XCBuildConfiguration;
			buildSettings = {
				ASSETCATALOG_COMPILER_APPICON_NAME = AppIcon;
				CLANG_ENABLE_MODULES = YES;
				CODE_SIGN_IDENTITY = "-";
				COMBINE_HIDPI_IMAGES = YES;
				DEVELOPMENT_TEAM = "";
				FRAMEWORK_SEARCH_PATHS = (
					"$(inherited)",
					"$(PROJECT_DIR)/Carthage/Build/Mac",
					"$(PROJECT_DIR)/Frameworks",
				);
				INFOPLIST_FILE = "Art Book/Info.plist";
				LD_RUNPATH_SEARCH_PATHS = (
					"$(inherited)",
					"@executable_path/../Frameworks",
				);
				MACOSX_DEPLOYMENT_TARGET = 10.12;
				MARKETING_VERSION = 0.0.3;
				PRODUCT_BUNDLE_IDENTIFIER = "com.xjbeta.Art-Book";
				PRODUCT_NAME = "$(TARGET_NAME)";
				PROVISIONING_PROFILE_SPECIFIER = "";
				SWIFT_OBJC_BRIDGING_HEADER = "Art Book/Art Book-Bridging-Header.h";
				SWIFT_VERSION = 5.0;
			};
			name = Release;
		};
/* End XCBuildConfiguration section */

/* Begin XCConfigurationList section */
		016A3C91216058D1005515E0 /* Build configuration list for PBXProject "Art Book" */ = {
			isa = XCConfigurationList;
			buildConfigurations = (
				016A3CA4216058D2005515E0 /* Debug */,
				016A3CA5216058D2005515E0 /* Release */,
			);
			defaultConfigurationIsVisible = 0;
			defaultConfigurationName = Release;
		};
		016A3CA6216058D2005515E0 /* Build configuration list for PBXNativeTarget "Art Book" */ = {
			isa = XCConfigurationList;
			buildConfigurations = (
				016A3CA7216058D2005515E0 /* Debug */,
				016A3CA8216058D2005515E0 /* Release */,
			);
			defaultConfigurationIsVisible = 0;
			defaultConfigurationName = Release;
		};
/* End XCConfigurationList section */
	};
	rootObject = 016A3C8E216058D1005515E0 /* Project object */;
}
